
Microsoft Visual Studio Solution File, Format Version 12.00
# Visual Studio Version 17
VisualStudioVersion = 17.2.32616.157
MinimumVisualStudioVersion = 10.0.40219.1
Project("{9A19103F-16F7-4668-BE54-9A1E7A4F7556}") = "BookStore.Data", "BookStore.Data\BookStore.Data.csproj", "{A63CD0F5-3FF5-4B60-90E0-78AC8E3C8211}"
EndProject
Project("{FAE04EC0-301F-11D3-BF4B-00C04F79EFBC}") = "BookStore.WebApplication", "BookStore.WebApplication\BookStore.WebApplication.csproj", "{81376945-09A7-4F98-A709-A5585640C4F8}"
EndProject
Global
	GlobalSection(SolutionConfigurationPlatforms) = preSolution
		Debug|Any CPU = Debug|Any CPU
		Release|Any CPU = Release|Any CPU
	EndGlobalSection
	GlobalSection(ProjectConfigurationPlatforms) = postSolution
		{A63CD0F5-3FF5-4B60-90E0-78AC8E3C8211}.Debug|Any CPU.ActiveCfg = Debug|Any CPU
		{A63CD0F5-3FF5-4B60-90E0-78AC8E3C8211}.Debug|Any CPU.Build.0 = Debug|Any CPU
		{A63CD0F5-3FF5-4B60-90E0-78AC8E3C8211}.Release|Any CPU.ActiveCfg = Release|Any CPU
		{A63CD0F5-3FF5-4B60-90E0-78AC8E3C8211}.Release|Any CPU.Build.0 = Release|Any CPU
		{81376945-09A7-4F98-A709-A5585640C4F8}.Debug|Any CPU.ActiveCfg = Debug|Any CPU
		{81376945-09A7-4F98-A709-A5585640C4F8}.Debug|Any CPU.Build.0 = Debug|Any CPU
		{81376945-09A7-4F98-A709-A5585640C4F8}.Release|Any CPU.ActiveCfg = Release|Any CPU
		{81376945-09A7-4F98-A709-A5585640C4F8}.Release|Any CPU.Build.0 = Release|Any CPU
	EndGlobalSection
	GlobalSection(SolutionProperties) = preSolution
		HideSolutionNode = FALSE
	EndGlobalSection
	GlobalSection(ExtensibilityGlobals) = postSolution
		SolutionGuid = {755DA7CA-24D4-434B-BA1A-BF4598800825}
	EndGlobalSection
EndGlobal
